// !$*UTF8*$!
{
	archiveVersion = 1;
	classes = {
	};
	objectVersion = 56;
	objects = {

/* Begin PBXBuildFile section */
		350B1E8329BB556A00583C4E /* AppDelegate.swift in Sources */ = {isa = PBXBuildFile; fileRef = 350B1E8229BB556A00583C4E /* AppDelegate.swift */; };
		350B1E8529BB556A00583C4E /* SceneDelegate.swift in Sources */ = {isa = PBXBuildFile; fileRef = 350B1E8429BB556A00583C4E /* SceneDelegate.swift */; };
		350B1E8729BB556A00583C4E /* ViewController.swift in Sources */ = {isa = PBXBuildFile; fileRef = 350B1E8629BB556A00583C4E /* ViewController.swift */; };
		350B1E8A29BB556A00583C4E /* Main.storyboard in Resources */ = {isa = PBXBuildFile; fileRef = 350B1E8829BB556A00583C4E /* Main.storyboard */; };
		350B1E8C29BB556C00583C4E /* Assets.xcassets in Resources */ = {isa = PBXBuildFile; fileRef = 350B1E8B29BB556C00583C4E /* Assets.xcassets */; };
		350B1E8F29BB556C00583C4E /* LaunchScreen.storyboard in Resources */ = {isa = PBXBuildFile; fileRef = 350B1E8D29BB556C00583C4E /* LaunchScreen.storyboard */; };
		350B1E9A29BB556D00583C4E /* calculatorTestTests.swift in Sources */ = {isa = PBXBuildFile; fileRef = 350B1E9929BB556D00583C4E /* calculatorTestTests.swift */; };
		350B1EA429BB556D00583C4E /* calculatorTestUITests.swift in Sources */ = {isa = PBXBuildFile; fileRef = 350B1EA329BB556D00583C4E /* calculatorTestUITests.swift */; };
		350B1EA629BB556D00583C4E /* calculatorTestUITestsLaunchTests.swift in Sources */ = {isa = PBXBuildFile; fileRef = 350B1EA529BB556D00583C4E /* calculatorTestUITestsLaunchTests.swift */; };
		353866BF29D1552C00B6EDB4 /* RxCocoa in Frameworks */ = {isa = PBXBuildFile; productRef = 353866BE29D1552C00B6EDB4 /* RxCocoa */; };
		353866C129D1552C00B6EDB4 /* RxSwift in Frameworks */ = {isa = PBXBuildFile; productRef = 353866C029D1552C00B6EDB4 /* RxSwift */; };
		35582E8729C452AE00192B44 /* CalculatorModel.swift in Sources */ = {isa = PBXBuildFile; fileRef = 35582E8629C452AE00192B44 /* CalculatorModel.swift */; };
		35582E8929C452CD00192B44 /* CalculatorViewModel.swift in Sources */ = {isa = PBXBuildFile; fileRef = 35582E8829C452CD00192B44 /* CalculatorViewModel.swift */; };
/* End PBXBuildFile section */

/* Begin PBXContainerItemProxy section */
		350B1E9629BB556C00583C4E /* PBXContainerItemProxy */ = {
			isa = PBXContainerItemProxy;
			containerPortal = 350B1E7729BB556A00583C4E /* Project object */;
			proxyType = 1;
			remoteGlobalIDString = 350B1E7E29BB556A00583C4E;
			remoteInfo = calculatorTest;
		};
		350B1EA029BB556D00583C4E /* PBXContainerItemProxy */ = {
			isa = PBXContainerItemProxy;
			containerPortal = 350B1E7729BB556A00583C4E /* Project object */;
			proxyType = 1;
			remoteGlobalIDString = 350B1E7E29BB556A00583C4E;
			remoteInfo = calculatorTest;
		};
/* End PBXContainerItemProxy section */

/* Begin PBXFileReference section */
		350B1E7F29BB556A00583C4E /* calculatorTest.app */ = {isa = PBXFileReference; explicitFileType = wrapper.application; includeInIndex = 0; path = calculatorTest.app; sourceTree = BUILT_PRODUCTS_DIR; };
		350B1E8229BB556A00583C4E /* AppDelegate.swift */ = {isa = PBXFileReference; lastKnownFileType = sourcecode.swift; path = AppDelegate.swift; sourceTree = "<group>"; };
		350B1E8429BB556A00583C4E /* SceneDelegate.swift */ = {isa = PBXFileReference; lastKnownFileType = sourcecode.swift; path = SceneDelegate.swift; sourceTree = "<group>"; };
		350B1E8629BB556A00583C4E /* ViewController.swift */ = {isa = PBXFileReference; lastKnownFileType = sourcecode.swift; path = ViewController.swift; sourceTree = "<group>"; };
		350B1E8929BB556A00583C4E /* Base */ = {isa = PBXFileReference; lastKnownFileType = file.storyboard; name = Base; path = Base.lproj/Main.storyboard; sourceTree = "<group>"; };
		350B1E8B29BB556C00583C4E /* Assets.xcassets */ = {isa = PBXFileReference; lastKnownFileType = folder.assetcatalog; path = Assets.xcassets; sourceTree = "<group>"; };
		350B1E8E29BB556C00583C4E /* Base */ = {isa = PBXFileReference; lastKnownFileType = file.storyboard; name = Base; path = Base.lproj/LaunchScreen.storyboard; sourceTree = "<group>"; };
		350B1E9029BB556C00583C4E /* Info.plist */ = {isa = PBXFileReference; lastKnownFileType = text.plist.xml; path = Info.plist; sourceTree = "<group>"; };
		350B1E9529BB556C00583C4E /* calculatorTestTests.xctest */ = {isa = PBXFileReference; explicitFileType = wrapper.cfbundle; includeInIndex = 0; path = calculatorTestTests.xctest; sourceTree = BUILT_PRODUCTS_DIR; };
		350B1E9929BB556D00583C4E /* calculatorTestTests.swift */ = {isa = PBXFileReference; lastKnownFileType = sourcecode.swift; path = calculatorTestTests.swift; sourceTree = "<group>"; };
		350B1E9F29BB556D00583C4E /* calculatorTestUITests.xctest */ = {isa = PBXFileReference; explicitFileType = wrapper.cfbundle; includeInIndex = 0; path = calculatorTestUITests.xctest; sourceTree = BUILT_PRODUCTS_DIR; };
		350B1EA329BB556D00583C4E /* calculatorTestUITests.swift */ = {isa = PBXFileReference; lastKnownFileType = sourcecode.swift; path = calculatorTestUITests.swift; sourceTree = "<group>"; };
		350B1EA529BB556D00583C4E /* calculatorTestUITestsLaunchTests.swift */ = {isa = PBXFileReference; lastKnownFileType = sourcecode.swift; path = calculatorTestUITestsLaunchTests.swift; sourceTree = "<group>"; };
		35582E8629C452AE00192B44 /* CalculatorModel.swift */ = {isa = PBXFileReference; lastKnownFileType = sourcecode.swift; path = CalculatorModel.swift; sourceTree = "<group>"; };
		35582E8829C452CD00192B44 /* CalculatorViewModel.swift */ = {isa = PBXFileReference; lastKnownFileType = sourcecode.swift; path = CalculatorViewModel.swift; sourceTree = "<group>"; };
/* End PBXFileReference section */

/* Begin PBXFrameworksBuildPhase section */
		350B1E7C29BB556A00583C4E /* Frameworks */ = {
			isa = PBXFrameworksBuildPhase;
			buildActionMask = 2147483647;
			files = (
				353866C129D1552C00B6EDB4 /* RxSwift in Frameworks */,
				353866BF29D1552C00B6EDB4 /* RxCocoa in Frameworks */,
			);
			runOnlyForDeploymentPostprocessing = 0;
		};
		350B1E9229BB556C00583C4E /* Frameworks */ = {
			isa = PBXFrameworksBuildPhase;
			buildActionMask = 2147483647;
			files = (
			);
			runOnlyForDeploymentPostprocessing = 0;
		};
		350B1E9C29BB556D00583C4E /* Frameworks */ = {
			isa = PBXFrameworksBuildPhase;
			buildActionMask = 2147483647;
			files = (
			);
			runOnlyForDeploymentPostprocessing = 0;
		};
/* End PBXFrameworksBuildPhase section */

/* Begin PBXGroup section */
		350B1E7629BB556A00583C4E = {
			isa = PBXGroup;
			children = (
				350B1E8129BB556A00583C4E /* calculatorTest */,
				350B1E9829BB556D00583C4E /* calculatorTestTests */,
				350B1EA229BB556D00583C4E /* calculatorTestUITests */,
				350B1E8029BB556A00583C4E /* Products */,
			);
			sourceTree = "<group>";
		};
		350B1E8029BB556A00583C4E /* Products */ = {
			isa = PBXGroup;
			children = (
				350B1E7F29BB556A00583C4E /* calculatorTest.app */,
				350B1E9529BB556C00583C4E /* calculatorTestTests.xctest */,
				350B1E9F29BB556D00583C4E /* calculatorTestUITests.xctest */,
			);
			name = Products;
			sourceTree = "<group>";
		};
		350B1E8129BB556A00583C4E /* calculatorTest */ = {
			isa = PBXGroup;
			children = (
				35582E8529C4527F00192B44 /* viewModel */,
				35582E8429C4527A00192B44 /* view */,
				35582E8329C4526F00192B44 /* model */,
				350B1E8229BB556A00583C4E /* AppDelegate.swift */,
				350B1E8429BB556A00583C4E /* SceneDelegate.swift */,
				350B1E8829BB556A00583C4E /* Main.storyboard */,
				350B1E8B29BB556C00583C4E /* Assets.xcassets */,
				350B1E8D29BB556C00583C4E /* LaunchScreen.storyboard */,
				350B1E9029BB556C00583C4E /* Info.plist */,
			);
			path = calculatorTest;
			sourceTree = "<group>";
		};
		350B1E9829BB556D00583C4E /* calculatorTestTests */ = {
			isa = PBXGroup;
			children = (
				350B1E9929BB556D00583C4E /* calculatorTestTests.swift */,
			);
			path = calculatorTestTests;
			sourceTree = "<group>";
		};
		350B1EA229BB556D00583C4E /* calculatorTestUITests */ = {
			isa = PBXGroup;
			children = (
				350B1EA329BB556D00583C4E /* calculatorTestUITests.swift */,
				350B1EA529BB556D00583C4E /* calculatorTestUITestsLaunchTests.swift */,
			);
			path = calculatorTestUITests;
			sourceTree = "<group>";
		};
		35582E8329C4526F00192B44 /* model */ = {
			isa = PBXGroup;
			children = (
				35582E8629C452AE00192B44 /* CalculatorModel.swift */,
			);
			path = model;
			sourceTree = "<group>";
		};
		35582E8429C4527A00192B44 /* view */ = {
			isa = PBXGroup;
			children = (
				350B1E8629BB556A00583C4E /* ViewController.swift */,
			);
			path = view;
			sourceTree = "<group>";
		};
		35582E8529C4527F00192B44 /* viewModel */ = {
			isa = PBXGroup;
			children = (
				35582E8829C452CD00192B44 /* CalculatorViewModel.swift */,
			);
			path = viewModel;
			sourceTree = "<group>";
		};
/* End PBXGroup section */

/* Begin PBXNativeTarget section */
		350B1E7E29BB556A00583C4E /* calculatorTest */ = {
			isa = PBXNativeTarget;
			buildConfigurationList = 350B1EA929BB556D00583C4E /* Build configuration list for PBXNativeTarget "calculatorTest" */;
			buildPhases = (
				350B1E7B29BB556A00583C4E /* Sources */,
				350B1E7C29BB556A00583C4E /* Frameworks */,
				350B1E7D29BB556A00583C4E /* Resources */,
			);
			buildRules = (
			);
			dependencies = (
			);
			name = calculatorTest;
			packageProductDependencies = (
				353866BE29D1552C00B6EDB4 /* RxCocoa */,
				353866C029D1552C00B6EDB4 /* RxSwift */,
			);
			productName = calculatorTest;
			productReference = 350B1E7F29BB556A00583C4E /* calculatorTest.app */;
			productType = "com.apple.product-type.application";
		};
		350B1E9429BB556C00583C4E /* calculatorTestTests */ = {
			isa = PBXNativeTarget;
			buildConfigurationList = 350B1EAC29BB556D00583C4E /* Build configuration list for PBXNativeTarget "calculatorTestTests" */;
			buildPhases = (
				350B1E9129BB556C00583C4E /* Sources */,
				350B1E9229BB556C00583C4E /* Frameworks */,
				350B1E9329BB556C00583C4E /* Resources */,
			);
			buildRules = (
			);
			dependencies = (
				350B1E9729BB556C00583C4E /* PBXTargetDependency */,
			);
			name = calculatorTestTests;
			productName = calculatorTestTests;
			productReference = 350B1E9529BB556C00583C4E /* calculatorTestTests.xctest */;
			productType = "com.apple.product-type.bundle.unit-test";
		};
		350B1E9E29BB556D00583C4E /* calculatorTestUITests */ = {
			isa = PBXNativeTarget;
			buildConfigurationList = 350B1EAF29BB556D00583C4E /* Build configuration list for PBXNativeTarget "calculatorTestUITests" */;
			buildPhases = (
				350B1E9B29BB556D00583C4E /* Sources */,
				350B1E9C29BB556D00583C4E /* Frameworks */,
				350B1E9D29BB556D00583C4E /* Resources */,
			);
			buildRules = (
			);
			dependencies = (
				350B1EA129BB556D00583C4E /* PBXTargetDependency */,
			);
			name = calculatorTestUITests;
			productName = calculatorTestUITests;
			productReference = 350B1E9F29BB556D00583C4E /* calculatorTestUITests.xctest */;
			productType = "com.apple.product-type.bundle.ui-testing";
		};
/* End PBXNativeTarget section */

/* Begin PBXProject section */
		350B1E7729BB556A00583C4E /* Project object */ = {
			isa = PBXProject;
			attributes = {
				BuildIndependentTargetsInParallel = 1;
				LastSwiftUpdateCheck = 1420;
				LastUpgradeCheck = 1420;
				TargetAttributes = {
					350B1E7E29BB556A00583C4E = {
						CreatedOnToolsVersion = 14.2;
					};
					350B1E9429BB556C00583C4E = {
						CreatedOnToolsVersion = 14.2;
						TestTargetID = 350B1E7E29BB556A00583C4E;
					};
					350B1E9E29BB556D00583C4E = {
						CreatedOnToolsVersion = 14.2;
						TestTargetID = 350B1E7E29BB556A00583C4E;
					};
				};
			};
			buildConfigurationList = 350B1E7A29BB556A00583C4E /* Build configuration list for PBXProject "calculatorTest" */;
			compatibilityVersion = "Xcode 14.0";
			developmentRegion = en;
			hasScannedForEncodings = 0;
			knownRegions = (
				en,
				Base,
			);
			mainGroup = 350B1E7629BB556A00583C4E;
			packageReferences = (
				353866BD29D1552C00B6EDB4 /* XCRemoteSwiftPackageReference "RxSwift" */,
			);
			productRefGroup = 350B1E8029BB556A00583C4E /* Products */;
			projectDirPath = "";
			projectRoot = "";
			targets = (
				350B1E7E29BB556A00583C4E /* calculatorTest */,
				350B1E9429BB556C00583C4E /* calculatorTestTests */,
				350B1E9E29BB556D00583C4E /* calculatorTestUITests */,
			);
		};
/* End PBXProject section */

/* Begin PBXResourcesBuildPhase section */
		350B1E7D29BB556A00583C4E /* Resources */ = {
			isa = PBXResourcesBuildPhase;
			buildActionMask = 2147483647;
			files = (
				350B1E8F29BB556C00583C4E /* LaunchScreen.storyboard in Resources */,
				350B1E8C29BB556C00583C4E /* Assets.xcassets in Resources */,
				350B1E8A29BB556A00583C4E /* Main.storyboard in Resources */,
			);
			runOnlyForDeploymentPostprocessing = 0;
		};
		350B1E9329BB556C00583C4E /* Resources */ = {
			isa = PBXResourcesBuildPhase;
			buildActionMask = 2147483647;
			files = (
			);
			runOnlyForDeploymentPostprocessing = 0;
		};
		350B1E9D29BB556D00583C4E /* Resources */ = {
			isa = PBXResourcesBuildPhase;
			buildActionMask = 2147483647;
			files = (
			);
			runOnlyForDeploymentPostprocessing = 0;
		};
/* End PBXResourcesBuildPhase section */

/* Begin PBXSourcesBuildPhase section */
		350B1E7B29BB556A00583C4E /* Sources */ = {
			isa = PBXSourcesBuildPhase;
			buildActionMask = 2147483647;
			files = (
				350B1E8729BB556A00583C4E /* ViewController.swift in Sources */,
				350B1E8329BB556A00583C4E /* AppDelegate.swift in Sources */,
				350B1E8529BB556A00583C4E /* SceneDelegate.swift in Sources */,
				35582E8729C452AE00192B44 /* CalculatorModel.swift in Sources */,
				35582E8929C452CD00192B44 /* CalculatorViewModel.swift in Sources */,
			);
			runOnlyForDeploymentPostprocessing = 0;
		};
		350B1E9129BB556C00583C4E /* Sources */ = {
			isa = PBXSourcesBuildPhase;
			buildActionMask = 2147483647;
			files = (
				350B1E9A29BB556D00583C4E /* calculatorTestTests.swift in Sources */,
			);
			runOnlyForDeploymentPostprocessing = 0;
		};
		350B1E9B29BB556D00583C4E /* Sources */ = {
			isa = PBXSourcesBuildPhase;
			buildActionMask = 2147483647;
			files = (
				350B1EA629BB556D00583C4E /* calculatorTestUITestsLaunchTests.swift in Sources */,
				350B1EA429BB556D00583C4E /* calculatorTestUITests.swift in Sources */,
			);
			runOnlyForDeploymentPostprocessing = 0;
		};
/* End PBXSourcesBuildPhase section */

/* Begin PBXTargetDependency section */
		350B1E9729BB556C00583C4E /* PBXTargetDependency */ = {
			isa = PBXTargetDependency;
			target = 350B1E7E29BB556A00583C4E /* calculatorTest */;
			targetProxy = 350B1E9629BB556C00583C4E /* PBXContainerItemProxy */;
		};
		350B1EA129BB556D00583C4E /* PBXTargetDependency */ = {
			isa = PBXTargetDependency;
			target = 350B1E7E29BB556A00583C4E /* calculatorTest */;
			targetProxy = 350B1EA029BB556D00583C4E /* PBXContainerItemProxy */;
		};
/* End PBXTargetDependency section */

/* Begin PBXVariantGroup section */
		350B1E8829BB556A00583C4E /* Main.storyboard */ = {
			isa = PBXVariantGroup;
			children = (
				350B1E8929BB556A00583C4E /* Base */,
			);
			name = Main.storyboard;
			sourceTree = "<group>";
		};
		350B1E8D29BB556C00583C4E /* LaunchScreen.storyboard */ = {
			isa = PBXVariantGroup;
			children = (
				350B1E8E29BB556C00583C4E /* Base */,
			);
			name = LaunchScreen.storyboard;
			sourceTree = "<group>";
		};
/* End PBXVariantGroup section */

/* Begin XCBuildConfiguration section */
		350B1EA729BB556D00583C4E /* Debug */ = {
			isa = XCBuildConfiguration;
			buildSettings = {
				ALWAYS_SEARCH_USER_PATHS = NO;
				CLANG_ANALYZER_NONNULL = YES;
				CLANG_ANALYZER_NUMBER_OBJECT_CONVERSION = YES_AGGRESSIVE;
				CLANG_CXX_LANGUAGE_STANDARD = "gnu++20";
				CLANG_ENABLE_MODULES = YES;
				CLANG_ENABLE_OBJC_ARC = YES;
				CLANG_ENABLE_OBJC_WEAK = YES;
				CLANG_WARN_BLOCK_CAPTURE_AUTORELEASING = YES;
				CLANG_WARN_BOOL_CONVERSION = YES;
				CLANG_WARN_COMMA = YES;
				CLANG_WARN_CONSTANT_CONVERSION = YES;
				CLANG_WARN_DEPRECATED_OBJC_IMPLEMENTATIONS = YES;
				CLANG_WARN_DIRECT_OBJC_ISA_USAGE = YES_ERROR;
				CLANG_WARN_DOCUMENTATION_COMMENTS = YES;
				CLANG_WARN_EMPTY_BODY = YES;
				CLANG_WARN_ENUM_CONVERSION = YES;
				CLANG_WARN_INFINITE_RECURSION = YES;
				CLANG_WARN_INT_CONVERSION = YES;
				CLANG_WARN_NON_LITERAL_NULL_CONVERSION = YES;
				CLANG_WARN_OBJC_IMPLICIT_RETAIN_SELF = YES;
				CLANG_WARN_OBJC_LITERAL_CONVERSION = YES;
				CLANG_WARN_OBJC_ROOT_CLASS = YES_ERROR;
				CLANG_WARN_QUOTED_INCLUDE_IN_FRAMEWORK_HEADER = YES;
				CLANG_WARN_RANGE_LOOP_ANALYSIS = YES;
				CLANG_WARN_STRICT_PROTOTYPES = YES;
				CLANG_WARN_SUSPICIOUS_MOVE = YES;
				CLANG_WARN_UNGUARDED_AVAILABILITY = YES_AGGRESSIVE;
				CLANG_WARN_UNREACHABLE_CODE = YES;
				CLANG_WARN__DUPLICATE_METHOD_MATCH = YES;
				COPY_PHASE_STRIP = NO;
				DEBUG_INFORMATION_FORMAT = dwarf;
				ENABLE_STRICT_OBJC_MSGSEND = YES;
				ENABLE_TESTABILITY = YES;
				GCC_C_LANGUAGE_STANDARD = gnu11;
				GCC_DYNAMIC_NO_PIC = NO;
				GCC_NO_COMMON_BLOCKS = YES;
				GCC_OPTIMIZATION_LEVEL = 0;
				GCC_PREPROCESSOR_DEFINITIONS = (
					"DEBUG=1",
					"$(inherited)",
				);
				GCC_WARN_64_TO_32_BIT_CONVERSION = YES;
				GCC_WARN_ABOUT_RETURN_TYPE = YES_ERROR;
				GCC_WARN_UNDECLARED_SELECTOR = YES;
				GCC_WARN_UNINITIALIZED_AUTOS = YES_AGGRESSIVE;
				GCC_WARN_UNUSED_FUNCTION = YES;
				GCC_WARN_UNUSED_VARIABLE = YES;
				IPHONEOS_DEPLOYMENT_TARGET = 16.2;
				MTL_ENABLE_DEBUG_INFO = INCLUDE_SOURCE;
				MTL_FAST_MATH = YES;
				ONLY_ACTIVE_ARCH = YES;
				SDKROOT = iphoneos;
				SWIFT_ACTIVE_COMPILATION_CONDITIONS = DEBUG;
				SWIFT_OPTIMIZATION_LEVEL = "-Onone";
			};
			name = Debug;
		};
		350B1EA829BB556D00583C4E /* Release */ = {
			isa = XCBuildConfiguration;
			buildSettings = {
				ALWAYS_SEARCH_USER_PATHS = NO;
				CLANG_ANALYZER_NONNULL = YES;
				CLANG_ANALYZER_NUMBER_OBJECT_CONVERSION = YES_AGGRESSIVE;
				CLANG_CXX_LANGUAGE_STANDARD = "gnu++20";
				CLANG_ENABLE_MODULES = YES;
				CLANG_ENABLE_OBJC_ARC = YES;
				CLANG_ENABLE_OBJC_WEAK = YES;
				CLANG_WARN_BLOCK_CAPTURE_AUTORELEASING = YES;
				CLANG_WARN_BOOL_CONVERSION = YES;
				CLANG_WARN_COMMA = YES;
				CLANG_WARN_CONSTANT_CONVERSION = YES;
				CLANG_WARN_DEPRECATED_OBJC_IMPLEMENTATIONS = YES;
				CLANG_WARN_DIRECT_OBJC_ISA_USAGE = YES_ERROR;
				CLANG_WARN_DOCUMENTATION_COMMENTS = YES;
				CLANG_WARN_EMPTY_BODY = YES;
				CLANG_WARN_ENUM_CONVERSION = YES;
				CLANG_WARN_INFINITE_RECURSION = YES;
				CLANG_WARN_INT_CONVERSION = YES;
				CLANG_WARN_NON_LITERAL_NULL_CONVERSION = YES;
				CLANG_WARN_OBJC_IMPLICIT_RETAIN_SELF = YES;
				CLANG_WARN_OBJC_LITERAL_CONVERSION = YES;
				CLANG_WARN_OBJC_ROOT_CLASS = YES_ERROR;
				CLANG_WARN_QUOTED_INCLUDE_IN_FRAMEWORK_HEADER = YES;
				CLANG_WARN_RANGE_LOOP_ANALYSIS = YES;
				CLANG_WARN_STRICT_PROTOTYPES = YES;
				CLANG_WARN_SUSPICIOUS_MOVE = YES;
				CLANG_WARN_UNGUARDED_AVAILABILITY = YES_AGGRESSIVE;
				CLANG_WARN_UNREACHABLE_CODE = YES;
				CLANG_WARN__DUPLICATE_METHOD_MATCH = YES;
				COPY_PHASE_STRIP = NO;
				DEBUG_INFORMATION_FORMAT = "dwarf-with-dsym";
				ENABLE_NS_ASSERTIONS = NO;
				ENABLE_STRICT_OBJC_MSGSEND = YES;
				GCC_C_LANGUAGE_STANDARD = gnu11;
				GCC_NO_COMMON_BLOCKS = YES;
				GCC_WARN_64_TO_32_BIT_CONVERSION = YES;
				GCC_WARN_ABOUT_RETURN_TYPE = YES_ERROR;
				GCC_WARN_UNDECLARED_SELECTOR = YES;
				GCC_WARN_UNINITIALIZED_AUTOS = YES_AGGRESSIVE;
				GCC_WARN_UNUSED_FUNCTION = YES;
				GCC_WARN_UNUSED_VARIABLE = YES;
				IPHONEOS_DEPLOYMENT_TARGET = 16.2;
				MTL_ENABLE_DEBUG_INFO = NO;
				MTL_FAST_MATH = YES;
				SDKROOT = iphoneos;
				SWIFT_COMPILATION_MODE = wholemodule;
				SWIFT_OPTIMIZATION_LEVEL = "-O";
				VALIDATE_PRODUCT = YES;
			};
			name = Release;
		};
		350B1EAA29BB556D00583C4E /* Debug */ = {
			isa = XCBuildConfiguration;
			buildSettings = {
				ASSETCATALOG_COMPILER_APPICON_NAME = AppIcon;
				ASSETCATALOG_COMPILER_GLOBAL_ACCENT_COLOR_NAME = AccentColor;
				CODE_SIGN_STYLE = Automatic;
				CURRENT_PROJECT_VERSION = 1;
				DEVELOPMENT_TEAM = YNN2UAMM79;
				GENERATE_INFOPLIST_FILE = YES;
				INFOPLIST_FILE = calculatorTest/Info.plist;
				INFOPLIST_KEY_UIApplicationSupportsIndirectInputEvents = YES;
				INFOPLIST_KEY_UILaunchStoryboardName = LaunchScreen;
				INFOPLIST_KEY_UIMainStoryboardFile = Main;
				INFOPLIST_KEY_UISupportedInterfaceOrientations_iPad = "UIInterfaceOrientationPortrait UIInterfaceOrientationPortraitUpsideDown UIInterfaceOrientationLandscapeLeft UIInterfaceOrientationLandscapeRight";
				INFOPLIST_KEY_UISupportedInterfaceOrientations_iPhone = "UIInterfaceOrientationPortrait UIInterfaceOrientationLandscapeLeft UIInterfaceOrientationLandscapeRight";
				LD_RUNPATH_SEARCH_PATHS = (
					"$(inherited)",
					"@executable_path/Frameworks",
				);
				MARKETING_VERSION = 1.0;
				PRODUCT_BUNDLE_IDENTIFIER = com.vanillastepdev.example.calculatorTest;
				PRODUCT_NAME = "$(TARGET_NAME)";
				SWIFT_EMIT_LOC_STRINGS = YES;
				SWIFT_VERSION = 5.0;
				TARGETED_DEVICE_FAMILY = "1,2";
			};
			name = Debug;
		};
		350B1EAB29BB556D00583C4E /* Release */ = {
			isa = XCBuildConfiguration;
			buildSettings = {
				ASSETCATALOG_COMPILER_APPICON_NAME = AppIcon;
				ASSETCATALOG_COMPILER_GLOBAL_ACCENT_COLOR_NAME = AccentColor;
				CODE_SIGN_STYLE = Automatic;
				CURRENT_PROJECT_VERSION = 1;
				DEVELOPMENT_TEAM = YNN2UAMM79;
				GENERATE_INFOPLIST_FILE = YES;
				INFOPLIST_FILE = calculatorTest/Info.plist;
				INFOPLIST_KEY_UIApplicationSupportsIndirectInputEvents = YES;
				INFOPLIST_KEY_UILaunchStoryboardName = LaunchScreen;
				INFOPLIST_KEY_UIMainStoryboardFile = Main;
				INFOPLIST_KEY_UISupportedInterfaceOrientations_iPad = "UIInterfaceOrientationPortrait UIInterfaceOrientationPortraitUpsideDown UIInterfaceOrientationLandscapeLeft UIInterfaceOrientationLandscapeRight";
				INFOPLIST_KEY_UISupportedInterfaceOrientations_iPhone = "UIInterfaceOrientationPortrait UIInterfaceOrientationLandscapeLeft UIInterfaceOrientationLandscapeRight";
				LD_RUNPATH_SEARCH_PATHS = (
					"$(inherited)",
					"@executable_path/Frameworks",
				);
				MARKETING_VERSION = 1.0;
				PRODUCT_BUNDLE_IDENTIFIER = com.vanillastepdev.example.calculatorTest;
				PRODUCT_NAME = "$(TARGET_NAME)";
				SWIFT_EMIT_LOC_STRINGS = YES;
				SWIFT_VERSION = 5.0;
				TARGETED_DEVICE_FAMILY = "1,2";
			};
			name = Release;
		};
		350B1EAD29BB556D00583C4E /* Debug */ = {
			isa = XCBuildConfiguration;
			buildSettings = {
				ALWAYS_EMBED_SWIFT_STANDARD_LIBRARIES = YES;
				BUNDLE_LOADER = "$(TEST_HOST)";
				CODE_SIGN_STYLE = Automatic;
				CURRENT_PROJECT_VERSION = 1;
				GENERATE_INFOPLIST_FILE = YES;
				IPHONEOS_DEPLOYMENT_TARGET = 16.2;
				MARKETING_VERSION = 1.0;
				PRODUCT_BUNDLE_IDENTIFIER = com.vanillastepdev.example.calculatorTestTests;
				PRODUCT_NAME = "$(TARGET_NAME)";
				SWIFT_EMIT_LOC_STRINGS = NO;
				SWIFT_VERSION = 5.0;
				TARGETED_DEVICE_FAMILY = "1,2";
				TEST_HOST = "$(BUILT_PRODUCTS_DIR)/calculatorTest.app/$(BUNDLE_EXECUTABLE_FOLDER_PATH)/calculatorTest";
			};
			name = Debug;
		};
		350B1EAE29BB556D00583C4E /* Release */ = {
			isa = XCBuildConfiguration;
			buildSettings = {
				ALWAYS_EMBED_SWIFT_STANDARD_LIBRARIES = YES;
				BUNDLE_LOADER = "$(TEST_HOST)";
				CODE_SIGN_STYLE = Automatic;
				CURRENT_PROJECT_VERSION = 1;
				GENERATE_INFOPLIST_FILE = YES;
				IPHONEOS_DEPLOYMENT_TARGET = 16.2;
				MARKETING_VERSION = 1.0;
				PRODUCT_BUNDLE_IDENTIFIER = com.vanillastepdev.example.calculatorTestTests;
				PRODUCT_NAME = "$(TARGET_NAME)";
				SWIFT_EMIT_LOC_STRINGS = NO;
				SWIFT_VERSION = 5.0;
				TARGETED_DEVICE_FAMILY = "1,2";
				TEST_HOST = "$(BUILT_PRODUCTS_DIR)/calculatorTest.app/$(BUNDLE_EXECUTABLE_FOLDER_PATH)/calculatorTest";
			};
			name = Release;
		};
		350B1EB029BB556D00583C4E /* Debug */ = {
			isa = XCBuildConfiguration;
			buildSettings = {
				ALWAYS_EMBED_SWIFT_STANDARD_LIBRARIES = YES;
				CODE_SIGN_STYLE = Automatic;
				CURRENT_PROJECT_VERSION = 1;
				GENERATE_INFOPLIST_FILE = YES;
				MARKETING_VERSION = 1.0;
				PRODUCT_BUNDLE_IDENTIFIER = com.vanillastepdev.example.calculatorTestUITests;
				PRODUCT_NAME = "$(TARGET_NAME)";
				SWIFT_EMIT_LOC_STRINGS = NO;
				SWIFT_VERSION = 5.0;
				TARGETED_DEVICE_FAMILY = "1,2";
				TEST_TARGET_NAME = calculatorTest;
			};
			name = Debug;
		};
		350B1EB129BB556D00583C4E /* Release */ = {
			isa = XCBuildConfiguration;
			buildSettings = {
				ALWAYS_EMBED_SWIFT_STANDARD_LIBRARIES = YES;
				CODE_SIGN_STYLE = Automatic;
				CURRENT_PROJECT_VERSION = 1;
				GENERATE_INFOPLIST_FILE = YES;
				MARKETING_VERSION = 1.0;
				PRODUCT_BUNDLE_IDENTIFIER = com.vanillastepdev.example.calculatorTestUITests;
				PRODUCT_NAME = "$(TARGET_NAME)";
				SWIFT_EMIT_LOC_STRINGS = NO;
				SWIFT_VERSION = 5.0;
				TARGETED_DEVICE_FAMILY = "1,2";
				TEST_TARGET_NAME = calculatorTest;
			};
			name = Release;
		};
/* End XCBuildConfiguration section */

/* Begin XCConfigurationList section */
		350B1E7A29BB556A00583C4E /* Build configuration list for PBXProject "calculatorTest" */ = {
			isa = XCConfigurationList;
			buildConfigurations = (
				350B1EA729BB556D00583C4E /* Debug */,
				350B1EA829BB556D00583C4E /* Release */,
			);
			defaultConfigurationIsVisible = 0;
			defaultConfigurationName = Release;
		};
		350B1EA929BB556D00583C4E /* Build configuration list for PBXNativeTarget "calculatorTest" */ = {
			isa = XCConfigurationList;
			buildConfigurations = (
				350B1EAA29BB556D00583C4E /* Debug */,
				350B1EAB29BB556D00583C4E /* Release */,
			);
			defaultConfigurationIsVisible = 0;
			defaultConfigurationName = Release;
		};
		350B1EAC29BB556D00583C4E /* Build configuration list for PBXNativeTarget "calculatorTestTests" */ = {
			isa = XCConfigurationList;
			buildConfigurations = (
				350B1EAD29BB556D00583C4E /* Debug */,
				350B1EAE29BB556D00583C4E /* Release */,
			);
			defaultConfigurationIsVisible = 0;
			defaultConfigurationName = Release;
		};
		350B1EAF29BB556D00583C4E /* Build configuration list for PBXNativeTarget "calculatorTestUITests" */ = {
			isa = XCConfigurationList;
			buildConfigurations = (
				350B1EB029BB556D00583C4E /* Debug */,
				350B1EB129BB556D00583C4E /* Release */,
			);
			defaultConfigurationIsVisible = 0;
			defaultConfigurationName = Release;
		};
/* End XCConfigurationList section */

/* Begin XCRemoteSwiftPackageReference section */
		353866BD29D1552C00B6EDB4 /* XCRemoteSwiftPackageReference "RxSwift" */ = {
			isa = XCRemoteSwiftPackageReference;
			repositoryURL = "https://github.com/ReactiveX/RxSwift.git";
			requirement = {
				kind = upToNextMajorVersion;
				minimumVersion = 6.0.0;
			};
		};
/* End XCRemoteSwiftPackageReference section */

/* Begin XCSwiftPackageProductDependency section */
		353866BE29D1552C00B6EDB4 /* RxCocoa */ = {
			isa = XCSwiftPackageProductDependency;
			package = 353866BD29D1552C00B6EDB4 /* XCRemoteSwiftPackageReference "RxSwift" */;
			productName = RxCocoa;
		};
		353866C029D1552C00B6EDB4 /* RxSwift */ = {
			isa = XCSwiftPackageProductDependency;
			package = 353866BD29D1552C00B6EDB4 /* XCRemoteSwiftPackageReference "RxSwift" */;
			productName = RxSwift;
		};
/* End XCSwiftPackageProductDependency section */
	};
	rootObject = 350B1E7729BB556A00583C4E /* Project object */;
}
